
Microsoft Visual Studio Solution File, Format Version 12.00
# Visual Studio 15
VisualStudioVersion = 15.0.28307.271
MinimumVisualStudioVersion = 10.0.40219.1
Project("{8BC9CEB8-8B4A-11D0-8D11-00A0C91BC942}") = "BasicMath", "BasicMath\BasicMath.vcxproj", "{EFC17C31-1EBB-4839-813B-E5374E1B0FB0}"
EndProject
Project("{8BC9CEB8-8B4A-11D0-8D11-00A0C91BC942}") = "LibraryTester", "LibraryTester\LibraryTester.vcxproj", "{70746580-94D1-473A-AEDF-5E09B0DED0AB}"
EndProject
Global
	GlobalSection(SolutionConfigurationPlatforms) = preSolution
		Debug|x64 = Debug|x64
		Debug|x86 = Debug|x86
		Release|x64 = Release|x64
		Release|x86 = Release|x86
	EndGlobalSection
	GlobalSection(ProjectConfigurationPlatforms) = postSolution
		{EFC17C31-1EBB-4839-813B-E5374E1B0FB0}.Debug|x64.ActiveCfg = Debug|x64
		{EFC17C31-1EBB-4839-813B-E5374E1B0FB0}.Debug|x64.Build.0 = Debug|x64
		{EFC17C31-1EBB-4839-813B-E5374E1B0FB0}.Debug|x86.ActiveCfg = Debug|Win32
		{EFC17C31-1EBB-4839-813B-E5374E1B0FB0}.Debug|x86.Build.0 = Debug|Win32
		{EFC17C31-1EBB-4839-813B-E5374E1B0FB0}.Release|x64.ActiveCfg = Release|x64
		{EFC17C31-1EBB-4839-813B-E5374E1B0FB0}.Release|x64.Build.0 = Release|x64
		{EFC17C31-1EBB-4839-813B-E5374E1B0FB0}.Release|x86.ActiveCfg = Release|Win32
		{EFC17C31-1EBB-4839-813B-E5374E1B0FB0}.Release|x86.Build.0 = Release|Win32
		{70746580-94D1-473A-AEDF-5E09B0DED0AB}.Debug|x64.ActiveCfg = Debug|x64
		{70746580-94D1-473A-AEDF-5E09B0DED0AB}.Debug|x64.Build.0 = Debug|x64
		{70746580-94D1-473A-AEDF-5E09B0DED0AB}.Debug|x86.ActiveCfg = Debug|Win32
		{70746580-94D1-473A-AEDF-5E09B0DED0AB}.Debug|x86.Build.0 = Debug|Win32
		{70746580-94D1-473A-AEDF-5E09B0DED0AB}.Release|x64.ActiveCfg = Release|x64
		{70746580-94D1-473A-AEDF-5E09B0DED0AB}.Release|x64.Build.0 = Release|x64
		{70746580-94D1-473A-AEDF-5E09B0DED0AB}.Release|x86.ActiveCfg = Release|Win32
		{70746580-94D1-473A-AEDF-5E09B0DED0AB}.Release|x86.Build.0 = Release|Win32
	EndGlobalSection
	GlobalSection(SolutionProperties) = preSolution
		HideSolutionNode = FALSE
	EndGlobalSection
	GlobalSection(ExtensibilityGlobals) = postSolution
		SolutionGuid = {A4E12E3C-C33B-4249-9610-0CC88A6BF110}
	EndGlobalSection
EndGlobal
